
Microsoft Visual Studio Solution File, Format Version 12.00
# Visual Studio Version 16
VisualStudioVersion = 16.0.31105.61
MinimumVisualStudioVersion = 10.0.40219.1
Project("{FAE04EC0-301F-11D3-BF4B-00C04F79EFBC}") = "DynamiteBot", "DynamiteBot\DynamiteBot.csproj", "{BC0EA24C-E74F-41E9-89E2-6E02F18D4EDC}"
EndProject
Project("{FAE04EC0-301F-11D3-BF4B-00C04F79EFBC}") = "DynamiteTest", "DynamiteTest\DynamiteTest.csproj", "{4177DF01-D210-4C1A-9FB5-62488427067A}"
EndProject
Project("{FAE04EC0-301F-11D3-BF4B-00C04F79EFBC}") = "GameAnalysis", "GameAnalysis\GameAnalysis.csproj", "{17421797-1274-4AFC-9AEC-C110922EEAF7}"
EndProject
Project("{FAE04EC0-301F-11D3-BF4B-00C04F79EFBC}") = "WinningBot", "WinningBot\WinningBot.csproj", "{99508F02-3DCD-4B38-9697-7FF118C4A733}"
EndProject
Global
	GlobalSection(SolutionConfigurationPlatforms) = preSolution
		Debug|Any CPU = Debug|Any CPU
		Release|Any CPU = Release|Any CPU
	EndGlobalSection
	GlobalSection(ProjectConfigurationPlatforms) = postSolution
		{BC0EA24C-E74F-41E9-89E2-6E02F18D4EDC}.Debug|Any CPU.ActiveCfg = Debug|Any CPU
		{BC0EA24C-E74F-41E9-89E2-6E02F18D4EDC}.Debug|Any CPU.Build.0 = Debug|Any CPU
		{BC0EA24C-E74F-41E9-89E2-6E02F18D4EDC}.Release|Any CPU.ActiveCfg = Release|Any CPU
		{BC0EA24C-E74F-41E9-89E2-6E02F18D4EDC}.Release|Any CPU.Build.0 = Release|Any CPU
		{4177DF01-D210-4C1A-9FB5-62488427067A}.Debug|Any CPU.ActiveCfg = Debug|Any CPU
		{4177DF01-D210-4C1A-9FB5-62488427067A}.Debug|Any CPU.Build.0 = Debug|Any CPU
		{4177DF01-D210-4C1A-9FB5-62488427067A}.Release|Any CPU.ActiveCfg = Release|Any CPU
		{4177DF01-D210-4C1A-9FB5-62488427067A}.Release|Any CPU.Build.0 = Release|Any CPU
		{17421797-1274-4AFC-9AEC-C110922EEAF7}.Debug|Any CPU.ActiveCfg = Debug|Any CPU
		{17421797-1274-4AFC-9AEC-C110922EEAF7}.Debug|Any CPU.Build.0 = Debug|Any CPU
		{17421797-1274-4AFC-9AEC-C110922EEAF7}.Release|Any CPU.ActiveCfg = Release|Any CPU
		{17421797-1274-4AFC-9AEC-C110922EEAF7}.Release|Any CPU.Build.0 = Release|Any CPU
		{99508F02-3DCD-4B38-9697-7FF118C4A733}.Debug|Any CPU.ActiveCfg = Debug|Any CPU
		{99508F02-3DCD-4B38-9697-7FF118C4A733}.Debug|Any CPU.Build.0 = Debug|Any CPU
		{99508F02-3DCD-4B38-9697-7FF118C4A733}.Release|Any CPU.ActiveCfg = Release|Any CPU
		{99508F02-3DCD-4B38-9697-7FF118C4A733}.Release|Any CPU.Build.0 = Release|Any CPU
	EndGlobalSection
	GlobalSection(SolutionProperties) = preSolution
		HideSolutionNode = FALSE
	EndGlobalSection
	GlobalSection(ExtensibilityGlobals) = postSolution
		SolutionGuid = {ADBE48E6-2D34-4196-9BF7-883A8523D504}
	EndGlobalSection
EndGlobal
